<?xml version="1.0" encoding="utf-8"?>
<Project ToolsVersion="4.0" xmlns="http://schemas.microsoft.com/developer/msbuild/2003">
  <ItemGroup>
    <Filter Include="源文件">
      <UniqueIdentifier>{4FC737F1-C7A5-4376-A066-2A32D752A2FF}</UniqueIdentifier>
      <Extensions>cpp;c;cc;cxx;c++;cppm;ixx;def;odl;idl;hpj;bat;asm;asmx</Extensions>
    </Filter>
    <Filter Include="头文件">
      <UniqueIdentifier>{93995380-89BD-4b04-88EB-625FBE52EBFB}</UniqueIdentifier>
      <Extensions>h;hh;hpp;hxx;h++;hm;inl;inc;ipp;xsd</Extensions>
    </Filter>
    <Filter Include="资源文件">
      <UniqueIdentifier>{67DA6AB6-F800-4c08-8B7A-83BB121AAD01}</UniqueIdentifier>
      <Extensions>rc;ico;cur;bmp;dlg;rc2;rct;bin;rgs;gif;jpg;jpeg;jpe;resx;tiff;tif;png;wav;mfcribbon-ms</Extensions>
    </Filter>
  </ItemGroup>
  <ItemGroup>
    <ClInclude Include="BCHIndices.h">
      <Filter>头文件</Filter>
    </ClInclude>
    <ClInclude Include="BCHIndices_data.h">
      <Filter>头文件</Filter>
    </ClInclude>
    <ClInclude Include="BCHIndices_emxAPI.h">
      <Filter>头文件</Filter>
    </ClInclude>
    <ClInclude Include="BCHIndices_emxutil.h">
      <Filter>头文件</Filter>
    </ClInclude>
    <ClInclude Include="BCHIndices_initialize.h">
      <Filter>头文件</Filter>
    </ClInclude>
    <ClInclude Include="BCHIndices_rtwutil.h">
      <Filter>头文件</Filter>
    </ClInclude>
    <ClInclude Include="BCHIndices_terminate.h">
      <Filter>头文件</Filter>
    </ClInclude>
    <ClInclude Include="BCHIndices_types.h">
      <Filter>头文件</Filter>
    </ClInclude>
    <ClInclude Include="ch_esti.h">
      <Filter>头文件</Filter>
    </ClInclude>
    <ClInclude Include="ch_esti_dct.h">
      <Filter>头文件</Filter>
    </ClInclude>
    <ClInclude Include="ch_esti_prseqGen.h">
      <Filter>头文件</Filter>
    </ClInclude>
    <ClInclude Include="ch_esti_time_intp.h">
      <Filter>头文件</Filter>
    </ClInclude>
    <ClInclude Include="ChannelEst.h">
      <Filter>头文件</Filter>
    </ClInclude>
    <ClInclude Include="rt_defines.h">
      <Filter>头文件</Filter>
    </ClInclude>
    <ClInclude Include="rt_nonfinite.h">
      <Filter>头文件</Filter>
    </ClInclude>
    <ClInclude Include="rtGetInf.h">
      <Filter>头文件</Filter>
    </ClInclude>
    <ClInclude Include="rtGetNaN.h">
      <Filter>头文件</Filter>
    </ClInclude>
    <ClInclude Include="rtwtypes.h">
      <Filter>头文件</Filter>
    </ClInclude>
    <ClInclude Include="tmwtypes.h">
      <Filter>头文件</Filter>
    </ClInclude>
    <ClInclude Include="main.h">
      <Filter>头文件</Filter>
    </ClInclude>
  </ItemGroup>
  <ItemGroup>
    <ClCompile Include="BCHIndices.c">
      <Filter>源文件</Filter>
    </ClCompile>
    <ClCompile Include="BCHIndices_data.c">
      <Filter>源文件</Filter>
    </ClCompile>
    <ClCompile Include="BCHIndices_emxAPI.c">
      <Filter>源文件</Filter>
    </ClCompile>
    <ClCompile Include="BCHIndices_emxutil.c">
      <Filter>源文件</Filter>
    </ClCompile>
    <ClCompile Include="BCHIndices_initialize.c">
      <Filter>源文件</Filter>
    </ClCompile>
    <ClCompile Include="BCHIndices_rtwutil.c">
      <Filter>源文件</Filter>
    </ClCompile>
    <ClCompile Include="BCHIndices_terminate.c">
      <Filter>源文件</Filter>
    </ClCompile>
    <ClCompile Include="ch_esti.c">
      <Filter>源文件</Filter>
    </ClCompile>
    <ClCompile Include="ch_esti_dct.c">
      <Filter>源文件</Filter>
    </ClCompile>
    <ClCompile Include="ch_esti_prseqGen.c">
      <Filter>源文件</Filter>
    </ClCompile>
    <ClCompile Include="ch_esti_time_intp.c">
      <Filter>源文件</Filter>
    </ClCompile>
    <ClCompile Include="ChannelEst.c">
      <Filter>源文件</Filter>
    </ClCompile>
    <ClCompile Include="rt_nonfinite.c">
      <Filter>源文件</Filter>
    </ClCompile>
    <ClCompile Include="rtGetInf.c">
      <Filter>源文件</Filter>
    </ClCompile>
    <ClCompile Include="rtGetNaN.c">
      <Filter>源文件</Filter>
    </ClCompile>
    <ClCompile Include="main.c">
      <Filter>源文件</Filter>
    </ClCompile>
  </ItemGroup>
  <ItemGroup>
    <None Include="setup_msvc.bat">
      <Filter>资源文件</Filter>
    </None>
    <None Include="BCHIndices_rtw.bat">
      <Filter>资源文件</Filter>
    </None>
    <None Include="rtw_proj.tmw">
      <Filter>资源文件</Filter>
    </None>
    <None Include="BCHIndices_rtw_ref.rsp">
      <Filter>资源文件</Filter>
    </None>
    <None Include="BCHIndices_rtw_comp.rsp">
      <Filter>资源文件</Filter>
    </None>
    <None Include="BCHIndices_rtw.rsp">
      <Filter>资源文件</Filter>
    </None>
    <None Include="BCHIndices_ref.rsp">
      <Filter>资源文件</Filter>
    </None>
    <None Include="gcGuiReport.mat">
      <Filter>资源文件</Filter>
    </None>
    <None Include="compileInfo.mat">
      <Filter>资源文件</Filter>
    </None>
    <None Include="codeInfo.mat">
      <Filter>资源文件</Filter>
    </None>
    <None Include="buildInfo.mat">
      <Filter>资源文件</Filter>
    </None>
    <None Include="BCHIndices_rtw.mk">
      <Filter>资源文件</Filter>
    </None>
    <None Include="codedescriptor.dmr">
      <Filter>资源文件</Filter>
    </None>
  </ItemGroup>
</Project>